
Microsoft Visual Studio Solution File, Format Version 12.00
# Visual Studio Version 16
VisualStudioVersion = 16.0.29509.3
MinimumVisualStudioVersion = 10.0.40219.1
Project("{FAE04EC0-301F-11D3-BF4B-00C04F79EFBC}") = "ProjectFileParser", "src\main\dotnet\ProjectFileParser\ProjectFileParser.csproj", "{51452C77-6487-4CA9-BCDC-FCFC32C5952B}"
EndProject
Project("{FAE04EC0-301F-11D3-BF4B-00C04F79EFBC}") = "Test", "src\main\dotnet\Test\Test.csproj", "{DF123338-5753-4C33-A696-4C25FB138905}"
EndProject
Global
	GlobalSection(SolutionConfigurationPlatforms) = preSolution
		Debug|Any CPU = Debug|Any CPU
		Release|Any CPU = Release|Any CPU
	EndGlobalSection
	GlobalSection(ProjectConfigurationPlatforms) = postSolution
		{51452C77-6487-4CA9-BCDC-FCFC32C5952B}.Debug|Any CPU.ActiveCfg = Debug|Any CPU
		{51452C77-6487-4CA9-BCDC-FCFC32C5952B}.Debug|Any CPU.Build.0 = Debug|Any CPU
		{51452C77-6487-4CA9-BCDC-FCFC32C5952B}.Release|Any CPU.ActiveCfg = Release|Any CPU
		{51452C77-6487-4CA9-BCDC-FCFC32C5952B}.Release|Any CPU.Build.0 = Release|Any CPU
		{DF123338-5753-4C33-A696-4C25FB138905}.Debug|Any CPU.ActiveCfg = Debug|Any CPU
		{DF123338-5753-4C33-A696-4C25FB138905}.Debug|Any CPU.Build.0 = Debug|Any CPU
		{DF123338-5753-4C33-A696-4C25FB138905}.Release|Any CPU.ActiveCfg = Release|Any CPU
		{DF123338-5753-4C33-A696-4C25FB138905}.Release|Any CPU.Build.0 = Release|Any CPU
	EndGlobalSection
	GlobalSection(SolutionProperties) = preSolution
		HideSolutionNode = FALSE
	EndGlobalSection
	GlobalSection(ExtensibilityGlobals) = postSolution
		SolutionGuid = {217778E9-1406-4DF1-800F-422CA85C0253}
	EndGlobalSection
EndGlobal
